
Microsoft Visual Studio Solution File, Format Version 12.00
# Visual Studio Version 17
VisualStudioVersion = 17.10.35013.160
MinimumVisualStudioVersion = 10.0.40219.1
Project("{FAE04EC0-301F-11D3-BF4B-00C04F79EFBC}") = "Deployment", "Deployment.csproj", "{3C881EB0-5AA1-4715-8ED2-4813CEA9F4F5}"
EndProject
Global
	GlobalSection(SolutionConfigurationPlatforms) = preSolution
		Debug|Any CPU = Debug|Any CPU
		Release|Any CPU = Release|Any CPU
	EndGlobalSection
	GlobalSection(ProjectConfigurationPlatforms) = postSolution
		{3C881EB0-5AA1-4715-8ED2-4813CEA9F4F5}.Debug|Any CPU.ActiveCfg = Debug|Any CPU
		{3C881EB0-5AA1-4715-8ED2-4813CEA9F4F5}.Debug|Any CPU.Build.0 = Debug|Any CPU
		{3C881EB0-5AA1-4715-8ED2-4813CEA9F4F5}.Release|Any CPU.ActiveCfg = Release|Any CPU
		{3C881EB0-5AA1-4715-8ED2-4813CEA9F4F5}.Release|Any CPU.Build.0 = Release|Any CPU
	EndGlobalSection
	GlobalSection(SolutionProperties) = preSolution
		HideSolutionNode = FALSE
	EndGlobalSection
	GlobalSection(ExtensibilityGlobals) = postSolution
		SolutionGuid = {2F68DCE0-A861-49E8-A7EE-D1585E9C242B}
	EndGlobalSection
EndGlobal
